
Microsoft Visual Studio Solution File, Format Version 12.00
# Visual Studio Version 16
VisualStudioVersion = 16.0.30517.126
MinimumVisualStudioVersion = 10.0.40219.1
Project("{FAE04EC0-301F-11D3-BF4B-00C04F79EFBC}") = "CriptoFile", "CriptoFile\CriptoFile.csproj", "{7D36D7C2-057F-454A-B5B1-DFCE5B700BC0}"
EndProject
Global
	GlobalSection(SolutionConfigurationPlatforms) = preSolution
		Debug|Any CPU = Debug|Any CPU
		Release|Any CPU = Release|Any CPU
	EndGlobalSection
	GlobalSection(ProjectConfigurationPlatforms) = postSolution
		{7D36D7C2-057F-454A-B5B1-DFCE5B700BC0}.Debug|Any CPU.ActiveCfg = Debug|Any CPU
		{7D36D7C2-057F-454A-B5B1-DFCE5B700BC0}.Debug|Any CPU.Build.0 = Debug|Any CPU
		{7D36D7C2-057F-454A-B5B1-DFCE5B700BC0}.Release|Any CPU.ActiveCfg = Release|Any CPU
		{7D36D7C2-057F-454A-B5B1-DFCE5B700BC0}.Release|Any CPU.Build.0 = Release|Any CPU
	EndGlobalSection
	GlobalSection(SolutionProperties) = preSolution
		HideSolutionNode = FALSE
	EndGlobalSection
	GlobalSection(ExtensibilityGlobals) = postSolution
		SolutionGuid = {FCE71B59-F6D7-4D4E-8F00-37D14B287177}
	EndGlobalSection
EndGlobal
